// !$*UTF8*$!
{
	archiveVersion = 1;
	classes = {
	};
	objectVersion = 46;
	objects = {

/* Begin PBXBuildFile section */
		1DDD58160DA1D0A300B32029 /* MainMenu.xib in Resources */ = {isa = PBXBuildFile; fileRef = 1DDD58140DA1D0A300B32029 /* MainMenu.xib */; };
		256AC3DA0F4B6AC300CF3369 /* jigsawAppDelegate.m in Sources */ = {isa = PBXBuildFile; fileRef = 256AC3D90F4B6AC300CF3369 /* jigsawAppDelegate.m */; };
		8D11072B0486CEB800E47090 /* InfoPlist.strings in Resources */ = {isa = PBXBuildFile; fileRef = 089C165CFE840E0CC02AAC07 /* InfoPlist.strings */; };
		8D11072D0486CEB800E47090 /* main.m in Sources */ = {isa = PBXBuildFile; fileRef = 29B97316FDCFA39411CA2CEA /* main.m */; settings = {ATTRIBUTES = (); }; };
		8D11072F0486CEB800E47090 /* Cocoa.framework in Frameworks */ = {isa = PBXBuildFile; fileRef = 1058C7A1FEA54F0111CA2CBB /* Cocoa.framework */; };
		BE05C9A611487FDD00EC751B /* BytesToReadableSpeedTransformer.m in Sources */ = {isa = PBXBuildFile; fileRef = BE05C9A511487FDD00EC751B /* BytesToReadableSpeedTransformer.m */; };
		BE05C9E7114884E200EC751B /* SecondsToReadableDurationTransformer.m in Sources */ = {isa = PBXBuildFile; fileRef = BE05C9E6114884E200EC751B /* SecondsToReadableDurationTransformer.m */; };
		BE0BBB8811602AE0002F5C80 /* TorrentNameDecorationTransformer.m in Sources */ = {isa = PBXBuildFile; fileRef = BE0BBB8711602AE0002F5C80 /* TorrentNameDecorationTransformer.m */; };
		BE110EFE10CB4A77008FC834 /* XMLRPC.framework in Frameworks */ = {isa = PBXBuildFile; fileRef = BE110EFD10CB4A77008FC834 /* XMLRPC.framework */; };
		BE110F2B10CB4D2C008FC834 /* XMLRPC.framework in CopyFiles */ = {isa = PBXBuildFile; fileRef = BE110EFD10CB4A77008FC834 /* XMLRPC.framework */; };
		BE1B689811CD30720019E46A /* jigsawAppController.m in Sources */ = {isa = PBXBuildFile; fileRef = BE1B689711CD30720019E46A /* jigsawAppController.m */; };
		BE1B689D11CD32220019E46A /* PreferenceController.m in Sources */ = {isa = PBXBuildFile; fileRef = BE1B689C11CD32220019E46A /* PreferenceController.m */; };
		BE1B68AF11CD33570019E46A /* Preferences.xib in Resources */ = {isa = PBXBuildFile; fileRef = BE1B68AE11CD33570019E46A /* Preferences.xib */; };
		BE3B886A115069E2000900EB /* TorrentTable.m in Sources */ = {isa = PBXBuildFile; fileRef = BE3B8869115069E2000900EB /* TorrentTable.m */; };
		BE46237110D022EE00A1DC17 /* TorrentListModel.m in Sources */ = {isa = PBXBuildFile; fileRef = BE46237010D022EE00A1DC17 /* TorrentListModel.m */; };
		BE46255510D07F9A00A1DC17 /* RateModel.m in Sources */ = {isa = PBXBuildFile; fileRef = BE46255410D07F9A00A1DC17 /* RateModel.m */; };
		BE61BC491159A22D002B502A /* paused.png in Resources */ = {isa = PBXBuildFile; fileRef = BE61BC3F1159A22D002B502A /* paused.png */; };
		BE61BC4D1159A22D002B502A /* playing.png in Resources */ = {isa = PBXBuildFile; fileRef = BE61BC451159A22D002B502A /* playing.png */; };
		BE7719D1115935C000F0CAEA /* StateCell.m in Sources */ = {isa = PBXBuildFile; fileRef = BE7719D0115935C000F0CAEA /* StateCell.m */; };
		BE932C721159517900F01398 /* TorrentModel.m in Sources */ = {isa = PBXBuildFile; fileRef = BE932C711159517900F01398 /* TorrentModel.m */; };
		BED4D41511C9A28D0050E074 /* jigsaw.icns in Resources */ = {isa = PBXBuildFile; fileRef = BED4D41411C9A28D0050E074 /* jigsaw.icns */; };
		BEE5E183115FBD3F00217F8C /* MainController.m in Sources */ = {isa = PBXBuildFile; fileRef = BEE5E182115FBD3F00217F8C /* MainController.m */; };
		BEF345DB11472DA700000CB3 /* BytesToReadableSizeTransformer.m in Sources */ = {isa = PBXBuildFile; fileRef = BEF345DA11472DA700000CB3 /* BytesToReadableSizeTransformer.m */; };
/* End PBXBuildFile section */

/* Begin PBXCopyFilesBuildPhase section */
		BE110F2A10CB4D0F008FC834 /* CopyFiles */ = {
			isa = PBXCopyFilesBuildPhase;
			buildActionMask = 2147483647;
			dstPath = "";
			dstSubfolderSpec = 10;
			files = (
				BE110F2B10CB4D2C008FC834 /* XMLRPC.framework in CopyFiles */,
			);
			runOnlyForDeploymentPostprocessing = 0;
		};
/* End PBXCopyFilesBuildPhase section */

/* Begin PBXFileReference section */
		089C165DFE840E0CC02AAC07 /* English */ = {isa = PBXFileReference; fileEncoding = 4; lastKnownFileType = text.plist.strings; name = English; path = English.lproj/InfoPlist.strings; sourceTree = "<group>"; };
		1058C7A1FEA54F0111CA2CBB /* Cocoa.framework */ = {isa = PBXFileReference; lastKnownFileType = wrapper.framework; name = Cocoa.framework; path = /System/Library/Frameworks/Cocoa.framework; sourceTree = "<absolute>"; };
		13E42FB307B3F0F600E4EEF1 /* CoreData.framework */ = {isa = PBXFileReference; lastKnownFileType = wrapper.framework; name = CoreData.framework; path = /System/Library/Frameworks/CoreData.framework; sourceTree = "<absolute>"; };
		1DDD58150DA1D0A300B32029 /* English */ = {isa = PBXFileReference; lastKnownFileType = file.xib; name = English; path = English.lproj/MainMenu.xib; sourceTree = "<group>"; };
		256AC3D80F4B6AC300CF3369 /* jigsawAppDelegate.h */ = {isa = PBXFileReference; fileEncoding = 4; lastKnownFileType = sourcecode.c.h; path = jigsawAppDelegate.h; sourceTree = "<group>"; };
		256AC3D90F4B6AC300CF3369 /* jigsawAppDelegate.m */ = {isa = PBXFileReference; fileEncoding = 4; lastKnownFileType = sourcecode.c.objc; path = jigsawAppDelegate.m; sourceTree = "<group>"; };
		256AC3F00F4B6AF500CF3369 /* jigsaw_Prefix.pch */ = {isa = PBXFileReference; fileEncoding = 4; lastKnownFileType = sourcecode.c.h; path = jigsaw_Prefix.pch; sourceTree = "<group>"; };
		29B97316FDCFA39411CA2CEA /* main.m */ = {isa = PBXFileReference; fileEncoding = 4; lastKnownFileType = sourcecode.c.objc; path = main.m; sourceTree = "<group>"; };
		29B97324FDCFA39411CA2CEA /* AppKit.framework */ = {isa = PBXFileReference; lastKnownFileType = wrapper.framework; name = AppKit.framework; path = /System/Library/Frameworks/AppKit.framework; sourceTree = "<absolute>"; };
		29B97325FDCFA39411CA2CEA /* Foundation.framework */ = {isa = PBXFileReference; lastKnownFileType = wrapper.framework; name = Foundation.framework; path = /System/Library/Frameworks/Foundation.framework; sourceTree = "<absolute>"; };
		8D1107310486CEB800E47090 /* jigsaw-Info.plist */ = {isa = PBXFileReference; fileEncoding = 4; lastKnownFileType = text.plist.xml; path = "jigsaw-Info.plist"; sourceTree = "<group>"; };
		8D1107320486CEB800E47090 /* jigsaw.app */ = {isa = PBXFileReference; explicitFileType = wrapper.application; includeInIndex = 0; path = jigsaw.app; sourceTree = BUILT_PRODUCTS_DIR; };
		BE05C9A411487FDD00EC751B /* BytesToReadableSpeedTransformer.h */ = {isa = PBXFileReference; fileEncoding = 4; lastKnownFileType = sourcecode.c.h; path = BytesToReadableSpeedTransformer.h; sourceTree = "<group>"; };
		BE05C9A511487FDD00EC751B /* BytesToReadableSpeedTransformer.m */ = {isa = PBXFileReference; fileEncoding = 4; lastKnownFileType = sourcecode.c.objc; path = BytesToReadableSpeedTransformer.m; sourceTree = "<group>"; };
		BE05C9E5114884E200EC751B /* SecondsToReadableDurationTransformer.h */ = {isa = PBXFileReference; fileEncoding = 4; lastKnownFileType = sourcecode.c.h; path = SecondsToReadableDurationTransformer.h; sourceTree = "<group>"; };
		BE05C9E6114884E200EC751B /* SecondsToReadableDurationTransformer.m */ = {isa = PBXFileReference; fileEncoding = 4; lastKnownFileType = sourcecode.c.objc; path = SecondsToReadableDurationTransformer.m; sourceTree = "<group>"; };
		BE0BBB8611602AE0002F5C80 /* TorrentNameDecorationTransformer.h */ = {isa = PBXFileReference; fileEncoding = 4; lastKnownFileType = sourcecode.c.h; path = TorrentNameDecorationTransformer.h; sourceTree = "<group>"; };
		BE0BBB8711602AE0002F5C80 /* TorrentNameDecorationTransformer.m */ = {isa = PBXFileReference; fileEncoding = 4; lastKnownFileType = sourcecode.c.objc; path = TorrentNameDecorationTransformer.m; sourceTree = "<group>"; };
		BE110E7710CB4186008FC834 /* MainController.h */ = {isa = PBXFileReference; fileEncoding = 4; lastKnownFileType = sourcecode.c.h; path = MainController.h; sourceTree = "<group>"; };
		BE110EFD10CB4A77008FC834 /* XMLRPC.framework */ = {isa = PBXFileReference; lastKnownFileType = wrapper.framework; name = XMLRPC.framework; path = /Users/will/Documents/Development/Cocoa/xmlrpc/build/Release/XMLRPC.framework; sourceTree = "<absolute>"; };
		BE1B689611CD30720019E46A /* jigsawAppController.h */ = {isa = PBXFileReference; fileEncoding = 4; lastKnownFileType = sourcecode.c.h; path = jigsawAppController.h; sourceTree = "<group>"; };
		BE1B689711CD30720019E46A /* jigsawAppController.m */ = {isa = PBXFileReference; fileEncoding = 4; lastKnownFileType = sourcecode.c.objc; path = jigsawAppController.m; sourceTree = "<group>"; };
		BE1B689B11CD32220019E46A /* PreferenceController.h */ = {isa = PBXFileReference; fileEncoding = 4; lastKnownFileType = sourcecode.c.h; path = PreferenceController.h; sourceTree = "<group>"; };
		BE1B689C11CD32220019E46A /* PreferenceController.m */ = {isa = PBXFileReference; fileEncoding = 4; lastKnownFileType = sourcecode.c.objc; path = PreferenceController.m; sourceTree = "<group>"; };
		BE1B68AE11CD33570019E46A /* Preferences.xib */ = {isa = PBXFileReference; lastKnownFileType = file.xib; path = Preferences.xib; sourceTree = "<group>"; };
		BE3B87F7115062C1000900EB /* TorrentDelegates.h */ = {isa = PBXFileReference; fileEncoding = 4; lastKnownFileType = sourcecode.c.h; path = TorrentDelegates.h; sourceTree = "<group>"; };
		BE3B8868115069E2000900EB /* TorrentTable.h */ = {isa = PBXFileReference; fileEncoding = 4; lastKnownFileType = sourcecode.c.h; path = TorrentTable.h; sourceTree = "<group>"; };
		BE3B8869115069E2000900EB /* TorrentTable.m */ = {isa = PBXFileReference; fileEncoding = 4; lastKnownFileType = sourcecode.c.objc; path = TorrentTable.m; sourceTree = "<group>"; };
		BE46236F10D022EE00A1DC17 /* TorrentListModel.h */ = {isa = PBXFileReference; fileEncoding = 4; lastKnownFileType = sourcecode.c.h; path = TorrentListModel.h; sourceTree = "<group>"; };
		BE46237010D022EE00A1DC17 /* TorrentListModel.m */ = {isa = PBXFileReference; fileEncoding = 4; lastKnownFileType = sourcecode.c.objc; path = TorrentListModel.m; sourceTree = "<group>"; };
		BE46255310D07F9A00A1DC17 /* RateModel.h */ = {isa = PBXFileReference; fileEncoding = 4; lastKnownFileType = sourcecode.c.h; path = RateModel.h; sourceTree = "<group>"; };
		BE46255410D07F9A00A1DC17 /* RateModel.m */ = {isa = PBXFileReference; fileEncoding = 4; lastKnownFileType = sourcecode.c.objc; path = RateModel.m; sourceTree = "<group>"; };
		BE61BC3F1159A22D002B502A /* paused.png */ = {isa = PBXFileReference; lastKnownFileType = image.png; path = paused.png; sourceTree = "<group>"; };
		BE61BC451159A22D002B502A /* playing.png */ = {isa = PBXFileReference; lastKnownFileType = image.png; path = playing.png; sourceTree = "<group>"; };
		BE7719CF115935C000F0CAEA /* StateCell.h */ = {isa = PBXFileReference; fileEncoding = 4; lastKnownFileType = sourcecode.c.h; path = StateCell.h; sourceTree = "<group>"; };
		BE7719D0115935C000F0CAEA /* StateCell.m */ = {isa = PBXFileReference; fileEncoding = 4; lastKnownFileType = sourcecode.c.objc; path = StateCell.m; sourceTree = "<group>"; };
		BE932C701159517900F01398 /* TorrentModel.h */ = {isa = PBXFileReference; fileEncoding = 4; lastKnownFileType = sourcecode.c.h; path = TorrentModel.h; sourceTree = "<group>"; };
		BE932C711159517900F01398 /* TorrentModel.m */ = {isa = PBXFileReference; fileEncoding = 4; lastKnownFileType = sourcecode.c.objc; path = TorrentModel.m; sourceTree = "<group>"; };
		BED4D41411C9A28D0050E074 /* jigsaw.icns */ = {isa = PBXFileReference; lastKnownFileType = image.icns; path = jigsaw.icns; sourceTree = "<group>"; };
		BEE5E182115FBD3F00217F8C /* MainController.m */ = {isa = PBXFileReference; fileEncoding = 4; lastKnownFileType = sourcecode.c.objc; path = MainController.m; sourceTree = "<group>"; };
		BEF345D911472DA700000CB3 /* BytesToReadableSizeTransformer.h */ = {isa = PBXFileReference; fileEncoding = 4; lastKnownFileType = sourcecode.c.h; path = BytesToReadableSizeTransformer.h; sourceTree = "<group>"; };
		BEF345DA11472DA700000CB3 /* BytesToReadableSizeTransformer.m */ = {isa = PBXFileReference; fileEncoding = 4; lastKnownFileType = sourcecode.c.objc; path = BytesToReadableSizeTransformer.m; sourceTree = "<group>"; };
/* End PBXFileReference section */

/* Begin PBXFrameworksBuildPhase section */
		8D11072E0486CEB800E47090 /* Frameworks */ = {
			isa = PBXFrameworksBuildPhase;
			buildActionMask = 2147483647;
			files = (
				8D11072F0486CEB800E47090 /* Cocoa.framework in Frameworks */,
				BE110EFE10CB4A77008FC834 /* XMLRPC.framework in Frameworks */,
			);
			runOnlyForDeploymentPostprocessing = 0;
		};
/* End PBXFrameworksBuildPhase section */

/* Begin PBXGroup section */
		080E96DDFE201D6D7F000001 /* Classes */ = {
			isa = PBXGroup;
			children = (
				BE3B8867115069D2000900EB /* Controls */,
				BEA40971114CFE4E00A0ACF5 /* Utility */,
				BE46255310D07F9A00A1DC17 /* RateModel.h */,
				BE46255410D07F9A00A1DC17 /* RateModel.m */,
				BE46236F10D022EE00A1DC17 /* TorrentListModel.h */,
				BE46237010D022EE00A1DC17 /* TorrentListModel.m */,
				BE932C701159517900F01398 /* TorrentModel.h */,
				BE932C711159517900F01398 /* TorrentModel.m */,
				BE110E7710CB4186008FC834 /* MainController.h */,
				BEE5E182115FBD3F00217F8C /* MainController.m */,
				256AC3D80F4B6AC300CF3369 /* jigsawAppDelegate.h */,
				256AC3D90F4B6AC300CF3369 /* jigsawAppDelegate.m */,
				BE3B87F7115062C1000900EB /* TorrentDelegates.h */,
				BE1B689611CD30720019E46A /* jigsawAppController.h */,
				BE1B689711CD30720019E46A /* jigsawAppController.m */,
				BE1B689B11CD32220019E46A /* PreferenceController.h */,
				BE1B689C11CD32220019E46A /* PreferenceController.m */,
			);
			name = Classes;
			sourceTree = "<group>";
		};
		1058C7A0FEA54F0111CA2CBB /* Linked Frameworks */ = {
			isa = PBXGroup;
			children = (
				BE110EFD10CB4A77008FC834 /* XMLRPC.framework */,
				1058C7A1FEA54F0111CA2CBB /* Cocoa.framework */,
			);
			name = "Linked Frameworks";
			sourceTree = "<group>";
		};
		1058C7A2FEA54F0111CA2CBB /* Other Frameworks */ = {
			isa = PBXGroup;
			children = (
				29B97324FDCFA39411CA2CEA /* AppKit.framework */,
				13E42FB307B3F0F600E4EEF1 /* CoreData.framework */,
				29B97325FDCFA39411CA2CEA /* Foundation.framework */,
			);
			name = "Other Frameworks";
			sourceTree = "<group>";
		};
		19C28FACFE9D520D11CA2CBB /* Products */ = {
			isa = PBXGroup;
			children = (
				8D1107320486CEB800E47090 /* jigsaw.app */,
			);
			name = Products;
			sourceTree = "<group>";
		};
		29B97314FDCFA39411CA2CEA /* mrtorrent */ = {
			isa = PBXGroup;
			children = (
				080E96DDFE201D6D7F000001 /* Classes */,
				29B97315FDCFA39411CA2CEA /* Other Sources */,
				29B97317FDCFA39411CA2CEA /* Resources */,
				29B97323FDCFA39411CA2CEA /* Frameworks */,
				19C28FACFE9D520D11CA2CBB /* Products */,
			);
			name = mrtorrent;
			sourceTree = "<group>";
		};
		29B97315FDCFA39411CA2CEA /* Other Sources */ = {
			isa = PBXGroup;
			children = (
				256AC3F00F4B6AF500CF3369 /* jigsaw_Prefix.pch */,
				29B97316FDCFA39411CA2CEA /* main.m */,
			);
			name = "Other Sources";
			sourceTree = "<group>";
		};
		29B97317FDCFA39411CA2CEA /* Resources */ = {
			isa = PBXGroup;
			children = (
				BE61BC391159A22D002B502A /* Icons */,
				8D1107310486CEB800E47090 /* jigsaw-Info.plist */,
				089C165CFE840E0CC02AAC07 /* InfoPlist.strings */,
				1DDD58140DA1D0A300B32029 /* MainMenu.xib */,
				BE1B68AE11CD33570019E46A /* Preferences.xib */,
			);
			name = Resources;
			sourceTree = "<group>";
		};
		29B97323FDCFA39411CA2CEA /* Frameworks */ = {
			isa = PBXGroup;
			children = (
				1058C7A0FEA54F0111CA2CBB /* Linked Frameworks */,
				1058C7A2FEA54F0111CA2CBB /* Other Frameworks */,
			);
			name = Frameworks;
			sourceTree = "<group>";
		};
		BE3B8867115069D2000900EB /* Controls */ = {
			isa = PBXGroup;
			children = (
				BE3B8868115069E2000900EB /* TorrentTable.h */,
				BE3B8869115069E2000900EB /* TorrentTable.m */,
				BE7719CF115935C000F0CAEA /* StateCell.h */,
				BE7719D0115935C000F0CAEA /* StateCell.m */,
			);
			name = Controls;
			sourceTree = "<group>";
		};
		BE61BC391159A22D002B502A /* Icons */ = {
			isa = PBXGroup;
			children = (
				BED4D41411C9A28D0050E074 /* jigsaw.icns */,
				BE61BC3F1159A22D002B502A /* paused.png */,
				BE61BC451159A22D002B502A /* playing.png */,
			);
			path = Icons;
			sourceTree = "<group>";
		};
		BEA40971114CFE4E00A0ACF5 /* Utility */ = {
			isa = PBXGroup;
			children = (
				BEF345D911472DA700000CB3 /* BytesToReadableSizeTransformer.h */,
				BEF345DA11472DA700000CB3 /* BytesToReadableSizeTransformer.m */,
				BE05C9A411487FDD00EC751B /* BytesToReadableSpeedTransformer.h */,
				BE05C9A511487FDD00EC751B /* BytesToReadableSpeedTransformer.m */,
				BE05C9E5114884E200EC751B /* SecondsToReadableDurationTransformer.h */,
				BE05C9E6114884E200EC751B /* SecondsToReadableDurationTransformer.m */,
				BE0BBB8611602AE0002F5C80 /* TorrentNameDecorationTransformer.h */,
				BE0BBB8711602AE0002F5C80 /* TorrentNameDecorationTransformer.m */,
			);
			name = Utility;
			sourceTree = "<group>";
		};
/* End PBXGroup section */

/* Begin PBXNativeTarget section */
		8D1107260486CEB800E47090 /* jigsaw */ = {
			isa = PBXNativeTarget;
			buildConfigurationList = C01FCF4A08A954540054247B /* Build configuration list for PBXNativeTarget "jigsaw" */;
			buildPhases = (
				BE110F2A10CB4D0F008FC834 /* CopyFiles */,
				8D1107290486CEB800E47090 /* Resources */,
				8D11072C0486CEB800E47090 /* Sources */,
				8D11072E0486CEB800E47090 /* Frameworks */,
			);
			buildRules = (
			);
			dependencies = (
			);
			name = jigsaw;
			productInstallPath = "$(HOME)/Applications";
			productName = mrtorrent;
			productReference = 8D1107320486CEB800E47090 /* jigsaw.app */;
			productType = "com.apple.product-type.application";
		};
/* End PBXNativeTarget section */

/* Begin PBXProject section */
		29B97313FDCFA39411CA2CEA /* Project object */ = {
			isa = PBXProject;
			attributes = {
				ORGANIZATIONNAME = "Will Goring";
			};
			buildConfigurationList = C01FCF4E08A954540054247B /* Build configuration list for PBXProject "jigsaw" */;
			compatibilityVersion = "Xcode 3.2";
			hasScannedForEncodings = 1;
			mainGroup = 29B97314FDCFA39411CA2CEA /* mrtorrent */;
			projectDirPath = "";
			projectRoot = "";
			targets = (
				8D1107260486CEB800E47090 /* jigsaw */,
			);
		};
/* End PBXProject section */

/* Begin PBXResourcesBuildPhase section */
		8D1107290486CEB800E47090 /* Resources */ = {
			isa = PBXResourcesBuildPhase;
			buildActionMask = 2147483647;
			files = (
				8D11072B0486CEB800E47090 /* InfoPlist.strings in Resources */,
				1DDD58160DA1D0A300B32029 /* MainMenu.xib in Resources */,
				BE61BC491159A22D002B502A /* paused.png in Resources */,
				BE61BC4D1159A22D002B502A /* playing.png in Resources */,
				BED4D41511C9A28D0050E074 /* jigsaw.icns in Resources */,
				BE1B68AF11CD33570019E46A /* Preferences.xib in Resources */,
			);
			runOnlyForDeploymentPostprocessing = 0;
		};
/* End PBXResourcesBuildPhase section */

/* Begin PBXSourcesBuildPhase section */
		8D11072C0486CEB800E47090 /* Sources */ = {
			isa = PBXSourcesBuildPhase;
			buildActionMask = 2147483647;
			files = (
				8D11072D0486CEB800E47090 /* main.m in Sources */,
				256AC3DA0F4B6AC300CF3369 /* jigsawAppDelegate.m in Sources */,
				BE46237110D022EE00A1DC17 /* TorrentListModel.m in Sources */,
				BE46255510D07F9A00A1DC17 /* RateModel.m in Sources */,
				BEF345DB11472DA700000CB3 /* BytesToReadableSizeTransformer.m in Sources */,
				BE05C9A611487FDD00EC751B /* BytesToReadableSpeedTransformer.m in Sources */,
				BE05C9E7114884E200EC751B /* SecondsToReadableDurationTransformer.m in Sources */,
				BE3B886A115069E2000900EB /* TorrentTable.m in Sources */,
				BE7719D1115935C000F0CAEA /* StateCell.m in Sources */,
				BE932C721159517900F01398 /* TorrentModel.m in Sources */,
				BEE5E183115FBD3F00217F8C /* MainController.m in Sources */,
				BE0BBB8811602AE0002F5C80 /* TorrentNameDecorationTransformer.m in Sources */,
				BE1B689811CD30720019E46A /* jigsawAppController.m in Sources */,
				BE1B689D11CD32220019E46A /* PreferenceController.m in Sources */,
			);
			runOnlyForDeploymentPostprocessing = 0;
		};
/* End PBXSourcesBuildPhase section */

/* Begin PBXVariantGroup section */
		089C165CFE840E0CC02AAC07 /* InfoPlist.strings */ = {
			isa = PBXVariantGroup;
			children = (
				089C165DFE840E0CC02AAC07 /* English */,
			);
			name = InfoPlist.strings;
			sourceTree = "<group>";
		};
		1DDD58140DA1D0A300B32029 /* MainMenu.xib */ = {
			isa = PBXVariantGroup;
			children = (
				1DDD58150DA1D0A300B32029 /* English */,
			);
			name = MainMenu.xib;
			sourceTree = "<group>";
		};
/* End PBXVariantGroup section */

/* Begin XCBuildConfiguration section */
		C01FCF4B08A954540054247B /* Debug */ = {
			isa = XCBuildConfiguration;
			buildSettings = {
				ALWAYS_SEARCH_USER_PATHS = NO;
				COPY_PHASE_STRIP = NO;
				FRAMEWORK_SEARCH_PATHS = (
					"$(inherited)",
					"\"$(SRCROOT)/../xmlrpc/build/Release\"",
				);
				GCC_DYNAMIC_NO_PIC = NO;
				GCC_ENABLE_FIX_AND_CONTINUE = YES;
				GCC_ENABLE_OBJC_GC = supported;
				GCC_MODEL_TUNING = G5;
				GCC_OPTIMIZATION_LEVEL = 0;
				GCC_PRECOMPILE_PREFIX_HEADER = YES;
				GCC_PREFIX_HEADER = jigsaw_Prefix.pch;
				INFOPLIST_FILE = "jigsaw-Info.plist";
				INSTALL_PATH = "$(HOME)/Applications";
				PRODUCT_NAME = jigsaw;
			};
			name = Debug;
		};
		C01FCF4C08A954540054247B /* Release */ = {
			isa = XCBuildConfiguration;
			buildSettings = {
				ALWAYS_SEARCH_USER_PATHS = NO;
				DEBUG_INFORMATION_FORMAT = "dwarf-with-dsym";
				FRAMEWORK_SEARCH_PATHS = (
					"$(inherited)",
					"\"$(SRCROOT)/../xmlrpc/build/Release\"",
				);
				GCC_ENABLE_OBJC_GC = supported;
				GCC_MODEL_TUNING = G5;
				GCC_PRECOMPILE_PREFIX_HEADER = YES;
				GCC_PREFIX_HEADER = jigsaw_Prefix.pch;
				INFOPLIST_FILE = "jigsaw-Info.plist";
				INSTALL_PATH = "$(HOME)/Applications";
				PRODUCT_NAME = jigsaw;
			};
			name = Release;
		};
		C01FCF4F08A954540054247B /* Debug */ = {
			isa = XCBuildConfiguration;
			buildSettings = {
				ARCHS = "$(ARCHS_STANDARD_32_64_BIT)";
				GCC_C_LANGUAGE_STANDARD = gnu99;
				GCC_OPTIMIZATION_LEVEL = 0;
				GCC_WARN_ABOUT_RETURN_TYPE = YES;
				GCC_WARN_UNUSED_VARIABLE = YES;
				ONLY_ACTIVE_ARCH = YES;
				OTHER_LDFLAGS = "-lcrypto";
				PREBINDING = NO;
				SDKROOT = macosx10.6;
			};
			name = Debug;
		};
		C01FCF5008A954540054247B /* Release */ = {
			isa = XCBuildConfiguration;
			buildSettings = {
				ARCHS = "$(ARCHS_STANDARD_32_64_BIT)";
				GCC_C_LANGUAGE_STANDARD = gnu99;
				GCC_WARN_ABOUT_RETURN_TYPE = YES;
				GCC_WARN_UNUSED_VARIABLE = YES;
				ONLY_ACTIVE_ARCH = NO;
				OTHER_LDFLAGS = "-lcrypto";
				PREBINDING = NO;
				SDKROOT = macosx10.6;
			};
			name = Release;
		};
/* End XCBuildConfiguration section */

/* Begin XCConfigurationList section */
		C01FCF4A08A954540054247B /* Build configuration list for PBXNativeTarget "jigsaw" */ = {
			isa = XCConfigurationList;
			buildConfigurations = (
				C01FCF4B08A954540054247B /* Debug */,
				C01FCF4C08A954540054247B /* Release */,
			);
			defaultConfigurationIsVisible = 0;
			defaultConfigurationName = Release;
		};
		C01FCF4E08A954540054247B /* Build configuration list for PBXProject "jigsaw" */ = {
			isa = XCConfigurationList;
			buildConfigurations = (
				C01FCF4F08A954540054247B /* Debug */,
				C01FCF5008A954540054247B /* Release */,
			);
			defaultConfigurationIsVisible = 0;
			defaultConfigurationName = Release;
		};
/* End XCConfigurationList section */
	};
	rootObject = 29B97313FDCFA39411CA2CEA /* Project object */;
}
